// !$*UTF8*$!
{
	archiveVersion = 1;
	classes = {
	};
	objectVersion = 56;
	objects = {

/* Begin PBXBuildFile section */
		ED0BB6342ACC4EDE00288CF4 /* MainPageView.swift in Sources */ = {isa = PBXBuildFile; fileRef = ED0BB6332ACC4EDE00288CF4 /* MainPageView.swift */; };
		ED0BB6532ACDCC2100288CF4 /* TitleView.swift in Sources */ = {isa = PBXBuildFile; fileRef = ED0BB6522ACDCC2100288CF4 /* TitleView.swift */; };
		ED0BB6552ACE653400288CF4 /* ProfileView.swift in Sources */ = {isa = PBXBuildFile; fileRef = ED0BB6542ACE653400288CF4 /* ProfileView.swift */; };
		ED0BB6572ACE653F00288CF4 /* SettingsView.swift in Sources */ = {isa = PBXBuildFile; fileRef = ED0BB6562ACE653F00288CF4 /* SettingsView.swift */; };
		ED0BB6592ACE655200288CF4 /* MiscView.swift in Sources */ = {isa = PBXBuildFile; fileRef = ED0BB6582ACE655200288CF4 /* MiscView.swift */; };
		ED2729432ACC20B9004D18DC /* AppEntry.swift in Sources */ = {isa = PBXBuildFile; fileRef = ED2729422ACC20B9004D18DC /* AppEntry.swift */; };
		ED2729472ACC20BA004D18DC /* Assets.xcassets in Resources */ = {isa = PBXBuildFile; fileRef = ED2729462ACC20BA004D18DC /* Assets.xcassets */; };
		ED27294A2ACC20BA004D18DC /* Preview Assets.xcassets in Resources */ = {isa = PBXBuildFile; fileRef = ED2729492ACC20BA004D18DC /* Preview Assets.xcassets */; };
		ED2729512ACC21FD004D18DC /* LoginView.swift in Sources */ = {isa = PBXBuildFile; fileRef = ED2729502ACC21FD004D18DC /* LoginView.swift */; };
		ED2729542ACC2718004D18DC /* Auth.swift in Sources */ = {isa = PBXBuildFile; fileRef = ED2729532ACC2718004D18DC /* Auth.swift */; };
/* End PBXBuildFile section */

/* Begin PBXFileReference section */
		ED0BB6332ACC4EDE00288CF4 /* MainPageView.swift */ = {isa = PBXFileReference; lastKnownFileType = sourcecode.swift; path = MainPageView.swift; sourceTree = "<group>"; };
		ED0BB6522ACDCC2100288CF4 /* TitleView.swift */ = {isa = PBXFileReference; lastKnownFileType = sourcecode.swift; path = TitleView.swift; sourceTree = "<group>"; };
		ED0BB6542ACE653400288CF4 /* ProfileView.swift */ = {isa = PBXFileReference; lastKnownFileType = sourcecode.swift; path = ProfileView.swift; sourceTree = "<group>"; };
		ED0BB6562ACE653F00288CF4 /* SettingsView.swift */ = {isa = PBXFileReference; lastKnownFileType = sourcecode.swift; path = SettingsView.swift; sourceTree = "<group>"; };
		ED0BB6582ACE655200288CF4 /* MiscView.swift */ = {isa = PBXFileReference; lastKnownFileType = sourcecode.swift; path = MiscView.swift; sourceTree = "<group>"; };
		ED27293F2ACC20B9004D18DC /* MobileProjectDemo.app */ = {isa = PBXFileReference; explicitFileType = wrapper.application; includeInIndex = 0; path = MobileProjectDemo.app; sourceTree = BUILT_PRODUCTS_DIR; };
		ED2729422ACC20B9004D18DC /* AppEntry.swift */ = {isa = PBXFileReference; lastKnownFileType = sourcecode.swift; path = AppEntry.swift; sourceTree = "<group>"; };
		ED2729462ACC20BA004D18DC /* Assets.xcassets */ = {isa = PBXFileReference; lastKnownFileType = folder.assetcatalog; path = Assets.xcassets; sourceTree = "<group>"; };
		ED2729492ACC20BA004D18DC /* Preview Assets.xcassets */ = {isa = PBXFileReference; lastKnownFileType = folder.assetcatalog; path = "Preview Assets.xcassets"; sourceTree = "<group>"; };
		ED2729502ACC21FD004D18DC /* LoginView.swift */ = {isa = PBXFileReference; lastKnownFileType = sourcecode.swift; path = LoginView.swift; sourceTree = "<group>"; };
		ED2729532ACC2718004D18DC /* Auth.swift */ = {isa = PBXFileReference; lastKnownFileType = sourcecode.swift; path = Auth.swift; sourceTree = "<group>"; };
/* End PBXFileReference section */

/* Begin PBXFrameworksBuildPhase section */
		ED27293C2ACC20B9004D18DC /* Frameworks */ = {
			isa = PBXFrameworksBuildPhase;
			buildActionMask = 2147483647;
			files = (
			);
			runOnlyForDeploymentPostprocessing = 0;
		};
/* End PBXFrameworksBuildPhase section */

/* Begin PBXGroup section */
		ED0BB6512ACDCC0400288CF4 /* SharedViews */ = {
			isa = PBXGroup;
			children = (
				ED0BB6522ACDCC2100288CF4 /* TitleView.swift */,
			);
			path = SharedViews;
			sourceTree = "<group>";
		};
		ED0BB65A2ACE656300288CF4 /* Views */ = {
			isa = PBXGroup;
			children = (
				ED0BB6332ACC4EDE00288CF4 /* MainPageView.swift */,
				ED0BB6582ACE655200288CF4 /* MiscView.swift */,
				ED0BB6542ACE653400288CF4 /* ProfileView.swift */,
				ED0BB6562ACE653F00288CF4 /* SettingsView.swift */,
				ED2729502ACC21FD004D18DC /* LoginView.swift */,
			);
			path = Views;
			sourceTree = "<group>";
		};
		ED2729362ACC20B9004D18DC = {
			isa = PBXGroup;
			children = (
				ED2729412ACC20B9004D18DC /* MobileProjectDemo */,
				ED2729402ACC20B9004D18DC /* Products */,
			);
			sourceTree = "<group>";
		};
		ED2729402ACC20B9004D18DC /* Products */ = {
			isa = PBXGroup;
			children = (
				ED27293F2ACC20B9004D18DC /* MobileProjectDemo.app */,
			);
			name = Products;
			sourceTree = "<group>";
		};
		ED2729412ACC20B9004D18DC /* MobileProjectDemo */ = {
			isa = PBXGroup;
			children = (
				ED2729422ACC20B9004D18DC /* AppEntry.swift */,
				ED0BB65A2ACE656300288CF4 /* Views */,
				ED2729522ACC2513004D18DC /* Networking */,
				ED0BB6512ACDCC0400288CF4 /* SharedViews */,
				ED2729462ACC20BA004D18DC /* Assets.xcassets */,
				ED2729482ACC20BA004D18DC /* Preview Content */,
			);
			path = MobileProjectDemo;
			sourceTree = "<group>";
		};
		ED2729482ACC20BA004D18DC /* Preview Content */ = {
			isa = PBXGroup;
			children = (
				ED2729492ACC20BA004D18DC /* Preview Assets.xcassets */,
			);
			path = "Preview Content";
			sourceTree = "<group>";
		};
		ED2729522ACC2513004D18DC /* Networking */ = {
			isa = PBXGroup;
			children = (
				ED2729532ACC2718004D18DC /* Auth.swift */,
			);
			path = Networking;
			sourceTree = "<group>";
		};
/* End PBXGroup section */

/* Begin PBXNativeTarget section */
		ED27293E2ACC20B9004D18DC /* MobileProjectDemo */ = {
			isa = PBXNativeTarget;
			buildConfigurationList = ED27294D2ACC20BA004D18DC /* Build configuration list for PBXNativeTarget "MobileProjectDemo" */;
			buildPhases = (
				ED27293B2ACC20B9004D18DC /* Sources */,
				ED27293C2ACC20B9004D18DC /* Frameworks */,
				ED27293D2ACC20B9004D18DC /* Resources */,
			);
			buildRules = (
			);
			dependencies = (
			);
			name = MobileProjectDemo;
			productName = MobileProjectDemo;
			productReference = ED27293F2ACC20B9004D18DC /* MobileProjectDemo.app */;
			productType = "com.apple.product-type.application";
		};
/* End PBXNativeTarget section */

/* Begin PBXProject section */
		ED2729372ACC20B9004D18DC /* Project object */ = {
			isa = PBXProject;
			attributes = {
				BuildIndependentTargetsInParallel = 1;
				LastSwiftUpdateCheck = 1500;
				LastUpgradeCheck = 1500;
				TargetAttributes = {
					ED27293E2ACC20B9004D18DC = {
						CreatedOnToolsVersion = 15.0;
					};
				};
			};
			buildConfigurationList = ED27293A2ACC20B9004D18DC /* Build configuration list for PBXProject "MobileProjectDemo" */;
			compatibilityVersion = "Xcode 14.0";
			developmentRegion = en;
			hasScannedForEncodings = 0;
			knownRegions = (
				en,
				Base,
			);
			mainGroup = ED2729362ACC20B9004D18DC;
			productRefGroup = ED2729402ACC20B9004D18DC /* Products */;
			projectDirPath = "";
			projectRoot = "";
			targets = (
				ED27293E2ACC20B9004D18DC /* MobileProjectDemo */,
			);
		};
/* End PBXProject section */

/* Begin PBXResourcesBuildPhase section */
		ED27293D2ACC20B9004D18DC /* Resources */ = {
			isa = PBXResourcesBuildPhase;
			buildActionMask = 2147483647;
			files = (
				ED27294A2ACC20BA004D18DC /* Preview Assets.xcassets in Resources */,
				ED2729472ACC20BA004D18DC /* Assets.xcassets in Resources */,
			);
			runOnlyForDeploymentPostprocessing = 0;
		};
/* End PBXResourcesBuildPhase section */

/* Begin PBXSourcesBuildPhase section */
		ED27293B2ACC20B9004D18DC /* Sources */ = {
			isa = PBXSourcesBuildPhase;
			buildActionMask = 2147483647;
			files = (
				ED0BB6592ACE655200288CF4 /* MiscView.swift in Sources */,
				ED0BB6572ACE653F00288CF4 /* SettingsView.swift in Sources */,
				ED2729512ACC21FD004D18DC /* LoginView.swift in Sources */,
				ED2729432ACC20B9004D18DC /* AppEntry.swift in Sources */,
				ED0BB6342ACC4EDE00288CF4 /* MainPageView.swift in Sources */,
				ED2729542ACC2718004D18DC /* Auth.swift in Sources */,
				ED0BB6552ACE653400288CF4 /* ProfileView.swift in Sources */,
				ED0BB6532ACDCC2100288CF4 /* TitleView.swift in Sources */,
			);
			runOnlyForDeploymentPostprocessing = 0;
		};
/* End PBXSourcesBuildPhase section */

/* Begin XCBuildConfiguration section */
		ED27294B2ACC20BA004D18DC /* Debug */ = {
			isa = XCBuildConfiguration;
			buildSettings = {
				ALWAYS_SEARCH_USER_PATHS = NO;
				ASSETCATALOG_COMPILER_GENERATE_SWIFT_ASSET_SYMBOL_EXTENSIONS = YES;
				CLANG_ANALYZER_NONNULL = YES;
				CLANG_ANALYZER_NUMBER_OBJECT_CONVERSION = YES_AGGRESSIVE;
				CLANG_CXX_LANGUAGE_STANDARD = "gnu++20";
				CLANG_ENABLE_MODULES = YES;
				CLANG_ENABLE_OBJC_ARC = YES;
				CLANG_ENABLE_OBJC_WEAK = YES;
				CLANG_WARN_BLOCK_CAPTURE_AUTORELEASING = YES;
				CLANG_WARN_BOOL_CONVERSION = YES;
				CLANG_WARN_COMMA = YES;
				CLANG_WARN_CONSTANT_CONVERSION = YES;
				CLANG_WARN_DEPRECATED_OBJC_IMPLEMENTATIONS = YES;
				CLANG_WARN_DIRECT_OBJC_ISA_USAGE = YES_ERROR;
				CLANG_WARN_DOCUMENTATION_COMMENTS = YES;
				CLANG_WARN_EMPTY_BODY = YES;
				CLANG_WARN_ENUM_CONVERSION = YES;
				CLANG_WARN_INFINITE_RECURSION = YES;
				CLANG_WARN_INT_CONVERSION = YES;
				CLANG_WARN_NON_LITERAL_NULL_CONVERSION = YES;
				CLANG_WARN_OBJC_IMPLICIT_RETAIN_SELF = YES;
				CLANG_WARN_OBJC_LITERAL_CONVERSION = YES;
				CLANG_WARN_OBJC_ROOT_CLASS = YES_ERROR;
				CLANG_WARN_QUOTED_INCLUDE_IN_FRAMEWORK_HEADER = YES;
				CLANG_WARN_RANGE_LOOP_ANALYSIS = YES;
				CLANG_WARN_STRICT_PROTOTYPES = YES;
				CLANG_WARN_SUSPICIOUS_MOVE = YES;
				CLANG_WARN_UNGUARDED_AVAILABILITY = YES_AGGRESSIVE;
				CLANG_WARN_UNREACHABLE_CODE = YES;
				CLANG_WARN__DUPLICATE_METHOD_MATCH = YES;
				COPY_PHASE_STRIP = NO;
				DEBUG_INFORMATION_FORMAT = dwarf;
				ENABLE_STRICT_OBJC_MSGSEND = YES;
				ENABLE_TESTABILITY = YES;
				ENABLE_USER_SCRIPT_SANDBOXING = YES;
				GCC_C_LANGUAGE_STANDARD = gnu17;
				GCC_DYNAMIC_NO_PIC = NO;
				GCC_NO_COMMON_BLOCKS = YES;
				GCC_OPTIMIZATION_LEVEL = 0;
				GCC_PREPROCESSOR_DEFINITIONS = (
					"DEBUG=1",
					"$(inherited)",
				);
				GCC_WARN_64_TO_32_BIT_CONVERSION = YES;
				GCC_WARN_ABOUT_RETURN_TYPE = YES_ERROR;
				GCC_WARN_UNDECLARED_SELECTOR = YES;
				GCC_WARN_UNINITIALIZED_AUTOS = YES_AGGRESSIVE;
				GCC_WARN_UNUSED_FUNCTION = YES;
				GCC_WARN_UNUSED_VARIABLE = YES;
				IPHONEOS_DEPLOYMENT_TARGET = 17.0;
				LOCALIZATION_PREFERS_STRING_CATALOGS = YES;
				MTL_ENABLE_DEBUG_INFO = INCLUDE_SOURCE;
				MTL_FAST_MATH = YES;
				ONLY_ACTIVE_ARCH = YES;
				SDKROOT = iphoneos;
				SWIFT_ACTIVE_COMPILATION_CONDITIONS = "DEBUG $(inherited)";
				SWIFT_OPTIMIZATION_LEVEL = "-Onone";
			};
			name = Debug;
		};
		ED27294C2ACC20BA004D18DC /* Release */ = {
			isa = XCBuildConfiguration;
			buildSettings = {
				ALWAYS_SEARCH_USER_PATHS = NO;
				ASSETCATALOG_COMPILER_GENERATE_SWIFT_ASSET_SYMBOL_EXTENSIONS = YES;
				CLANG_ANALYZER_NONNULL = YES;
				CLANG_ANALYZER_NUMBER_OBJECT_CONVERSION = YES_AGGRESSIVE;
				CLANG_CXX_LANGUAGE_STANDARD = "gnu++20";
				CLANG_ENABLE_MODULES = YES;
				CLANG_ENABLE_OBJC_ARC = YES;
				CLANG_ENABLE_OBJC_WEAK = YES;
				CLANG_WARN_BLOCK_CAPTURE_AUTORELEASING = YES;
				CLANG_WARN_BOOL_CONVERSION = YES;
				CLANG_WARN_COMMA = YES;
				CLANG_WARN_CONSTANT_CONVERSION = YES;
				CLANG_WARN_DEPRECATED_OBJC_IMPLEMENTATIONS = YES;
				CLANG_WARN_DIRECT_OBJC_ISA_USAGE = YES_ERROR;
				CLANG_WARN_DOCUMENTATION_COMMENTS = YES;
				CLANG_WARN_EMPTY_BODY = YES;
				CLANG_WARN_ENUM_CONVERSION = YES;
				CLANG_WARN_INFINITE_RECURSION = YES;
				CLANG_WARN_INT_CONVERSION = YES;
				CLANG_WARN_NON_LITERAL_NULL_CONVERSION = YES;
				CLANG_WARN_OBJC_IMPLICIT_RETAIN_SELF = YES;
				CLANG_WARN_OBJC_LITERAL_CONVERSION = YES;
				CLANG_WARN_OBJC_ROOT_CLASS = YES_ERROR;
				CLANG_WARN_QUOTED_INCLUDE_IN_FRAMEWORK_HEADER = YES;
				CLANG_WARN_RANGE_LOOP_ANALYSIS = YES;
				CLANG_WARN_STRICT_PROTOTYPES = YES;
				CLANG_WARN_SUSPICIOUS_MOVE = YES;
				CLANG_WARN_UNGUARDED_AVAILABILITY = YES_AGGRESSIVE;
				CLANG_WARN_UNREACHABLE_CODE = YES;
				CLANG_WARN__DUPLICATE_METHOD_MATCH = YES;
				COPY_PHASE_STRIP = NO;
				DEBUG_INFORMATION_FORMAT = "dwarf-with-dsym";
				ENABLE_NS_ASSERTIONS = NO;
				ENABLE_STRICT_OBJC_MSGSEND = YES;
				ENABLE_USER_SCRIPT_SANDBOXING = YES;
				GCC_C_LANGUAGE_STANDARD = gnu17;
				GCC_NO_COMMON_BLOCKS = YES;
				GCC_WARN_64_TO_32_BIT_CONVERSION = YES;
				GCC_WARN_ABOUT_RETURN_TYPE = YES_ERROR;
				GCC_WARN_UNDECLARED_SELECTOR = YES;
				GCC_WARN_UNINITIALIZED_AUTOS = YES_AGGRESSIVE;
				GCC_WARN_UNUSED_FUNCTION = YES;
				GCC_WARN_UNUSED_VARIABLE = YES;
				IPHONEOS_DEPLOYMENT_TARGET = 17.0;
				LOCALIZATION_PREFERS_STRING_CATALOGS = YES;
				MTL_ENABLE_DEBUG_INFO = NO;
				MTL_FAST_MATH = YES;
				SDKROOT = iphoneos;
				SWIFT_COMPILATION_MODE = wholemodule;
				VALIDATE_PRODUCT = YES;
			};
			name = Release;
		};
		ED27294E2ACC20BA004D18DC /* Debug */ = {
			isa = XCBuildConfiguration;
			buildSettings = {
				ASSETCATALOG_COMPILER_APPICON_NAME = AppIcon;
				ASSETCATALOG_COMPILER_GLOBAL_ACCENT_COLOR_NAME = AccentColor;
				CODE_SIGN_STYLE = Automatic;
				CURRENT_PROJECT_VERSION = 1;
				DEVELOPMENT_ASSET_PATHS = "\"MobileProjectDemo/Preview Content\"";
				DEVELOPMENT_TEAM = WYDK266WMV;
				ENABLE_PREVIEWS = YES;
				GENERATE_INFOPLIST_FILE = YES;
				INFOPLIST_KEY_UIApplicationSceneManifest_Generation = YES;
				INFOPLIST_KEY_UIApplicationSupportsIndirectInputEvents = YES;
				INFOPLIST_KEY_UILaunchScreen_Generation = YES;
				INFOPLIST_KEY_UISupportedInterfaceOrientations = UIInterfaceOrientationPortrait;
				INFOPLIST_KEY_UISupportedInterfaceOrientations_iPad = "UIInterfaceOrientationLandscapeLeft UIInterfaceOrientationLandscapeRight UIInterfaceOrientationPortrait UIInterfaceOrientationPortraitUpsideDown";
				IPHONEOS_DEPLOYMENT_TARGET = 15.0;
				LD_RUNPATH_SEARCH_PATHS = (
					"$(inherited)",
					"@executable_path/Frameworks",
				);
				MARKETING_VERSION = 1.0;
				PRODUCT_BUNDLE_IDENTIFIER = "ngardelis-icloud.com.MobileProjectDemo";
				PRODUCT_NAME = "$(TARGET_NAME)";
				SUPPORTED_PLATFORMS = "iphoneos iphonesimulator";
				SUPPORTS_MACCATALYST = NO;
				SUPPORTS_MAC_DESIGNED_FOR_IPHONE_IPAD = NO;
				SWIFT_EMIT_LOC_STRINGS = YES;
				SWIFT_VERSION = 5.0;
				TARGETED_DEVICE_FAMILY = 1;
			};
			name = Debug;
		};
		ED27294F2ACC20BA004D18DC /* Release */ = {
			isa = XCBuildConfiguration;
			buildSettings = {
				ASSETCATALOG_COMPILER_APPICON_NAME = AppIcon;
				ASSETCATALOG_COMPILER_GLOBAL_ACCENT_COLOR_NAME = AccentColor;
				CODE_SIGN_STYLE = Automatic;
				CURRENT_PROJECT_VERSION = 1;
				DEVELOPMENT_ASSET_PATHS = "\"MobileProjectDemo/Preview Content\"";
				DEVELOPMENT_TEAM = WYDK266WMV;
				ENABLE_PREVIEWS = YES;
				GENERATE_INFOPLIST_FILE = YES;
				INFOPLIST_KEY_UIApplicationSceneManifest_Generation = YES;
				INFOPLIST_KEY_UIApplicationSupportsIndirectInputEvents = YES;
				INFOPLIST_KEY_UILaunchScreen_Generation = YES;
				INFOPLIST_KEY_UISupportedInterfaceOrientations = UIInterfaceOrientationPortrait;
				INFOPLIST_KEY_UISupportedInterfaceOrientations_iPad = "UIInterfaceOrientationLandscapeLeft UIInterfaceOrientationLandscapeRight UIInterfaceOrientationPortrait UIInterfaceOrientationPortraitUpsideDown";
				IPHONEOS_DEPLOYMENT_TARGET = 15.0;
				LD_RUNPATH_SEARCH_PATHS = (
					"$(inherited)",
					"@executable_path/Frameworks",
				);
				MARKETING_VERSION = 1.0;
				PRODUCT_BUNDLE_IDENTIFIER = "ngardelis-icloud.com.MobileProjectDemo";
				PRODUCT_NAME = "$(TARGET_NAME)";
				SUPPORTED_PLATFORMS = "iphoneos iphonesimulator";
				SUPPORTS_MACCATALYST = NO;
				SUPPORTS_MAC_DESIGNED_FOR_IPHONE_IPAD = NO;
				SWIFT_EMIT_LOC_STRINGS = YES;
				SWIFT_VERSION = 5.0;
				TARGETED_DEVICE_FAMILY = 1;
			};
			name = Release;
		};
/* End XCBuildConfiguration section */

/* Begin XCConfigurationList section */
		ED27293A2ACC20B9004D18DC /* Build configuration list for PBXProject "MobileProjectDemo" */ = {
			isa = XCConfigurationList;
			buildConfigurations = (
				ED27294B2ACC20BA004D18DC /* Debug */,
				ED27294C2ACC20BA004D18DC /* Release */,
			);
			defaultConfigurationIsVisible = 0;
			defaultConfigurationName = Release;
		};
		ED27294D2ACC20BA004D18DC /* Build configuration list for PBXNativeTarget "MobileProjectDemo" */ = {
			isa = XCConfigurationList;
			buildConfigurations = (
				ED27294E2ACC20BA004D18DC /* Debug */,
				ED27294F2ACC20BA004D18DC /* Release */,
			);
			defaultConfigurationIsVisible = 0;
			defaultConfigurationName = Release;
		};
/* End XCConfigurationList section */
	};
	rootObject = ED2729372ACC20B9004D18DC /* Project object */;
}
